
Microsoft Visual Studio Solution File, Format Version 12.00
# Visual Studio Version 16
VisualStudioVersion = 16.0.30320.27
MinimumVisualStudioVersion = 10.0.40219.1
Project("{2150E333-8FDC-42A3-9474-1A3956D46DE8}") = "src", "src", "{BCC58509-060D-414A-BA32-C33A4BF062CD}"
EndProject
Project("{9A19103F-16F7-4668-BE54-9A1E7A4F7556}") = "ReportService.WebApi", "sources\ReportServiceAPI\ReportService.WebApi.csproj", "{DEE5E30C-527B-40DA-A764-866904C0EF90}"
EndProject
Global
	GlobalSection(SolutionConfigurationPlatforms) = preSolution
		Debug|Any CPU = Debug|Any CPU
		Release|Any CPU = Release|Any CPU
	EndGlobalSection
	GlobalSection(ProjectConfigurationPlatforms) = postSolution
		{DEE5E30C-527B-40DA-A764-866904C0EF90}.Debug|Any CPU.ActiveCfg = Debug|Any CPU
		{DEE5E30C-527B-40DA-A764-866904C0EF90}.Debug|Any CPU.Build.0 = Debug|Any CPU
		{DEE5E30C-527B-40DA-A764-866904C0EF90}.Release|Any CPU.ActiveCfg = Release|Any CPU
		{DEE5E30C-527B-40DA-A764-866904C0EF90}.Release|Any CPU.Build.0 = Release|Any CPU
	EndGlobalSection
	GlobalSection(SolutionProperties) = preSolution
		HideSolutionNode = FALSE
	EndGlobalSection
	GlobalSection(NestedProjects) = preSolution
		{DEE5E30C-527B-40DA-A764-866904C0EF90} = {BCC58509-060D-414A-BA32-C33A4BF062CD}
	EndGlobalSection
	GlobalSection(ExtensibilityGlobals) = postSolution
		SolutionGuid = {CBD165D1-66F3-46D1-9A08-B94325FE0CCC}
	EndGlobalSection
EndGlobal
